// !$*UTF8*$!
{
	archiveVersion = 1;
	classes = {
	};
	objectVersion = 50;
	objects = {

/* Begin PBXBuildFile section */
		6B2DF544231BE6D4004D18CF /* girl.json in Resources */ = {isa = PBXBuildFile; fileRef = 6B2DF541231BE6D3004D18CF /* girl.json */; };
		6B2DF545231BE6D4004D18CF /* greece.json in Resources */ = {isa = PBXBuildFile; fileRef = 6B2DF542231BE6D3004D18CF /* greece.json */; };
		6B2DF546231BE6D4004D18CF /* city.json in Resources */ = {isa = PBXBuildFile; fileRef = 6B2DF543231BE6D3004D18CF /* city.json */; };
		6B2DF559231C0F65004D18CF /* ImageDownloadOperation.swift in Sources */ = {isa = PBXBuildFile; fileRef = 6B2DF558231C0F65004D18CF /* ImageDownloadOperation.swift */; };
		6B36D1B0231431C200230D74 /* DownloadingProgressView.swift in Sources */ = {isa = PBXBuildFile; fileRef = 6B36D1AF231431C200230D74 /* DownloadingProgressView.swift */; };
		6B36D1B423143D3600230D74 /* ImageCacheService.swift in Sources */ = {isa = PBXBuildFile; fileRef = 6B36D1B323143D3600230D74 /* ImageCacheService.swift */; };
		6B36D1B623144B2900230D74 /* UIViewController+extensions.swift in Sources */ = {isa = PBXBuildFile; fileRef = 6B36D1B523144B2900230D74 /* UIViewController+extensions.swift */; };
		6B36D1B823144B4A00230D74 /* UIView+extensions.swift in Sources */ = {isa = PBXBuildFile; fileRef = 6B36D1B723144B4A00230D74 /* UIView+extensions.swift */; };
		6B36D1BE2314726B00230D74 /* BigCell.swift in Sources */ = {isa = PBXBuildFile; fileRef = 6B36D1BC2314726B00230D74 /* BigCell.swift */; };
		6B36D1BF2314726B00230D74 /* BigCell.xib in Resources */ = {isa = PBXBuildFile; fileRef = 6B36D1BD2314726B00230D74 /* BigCell.xib */; };
		6B8E2B80233A86990088FF90 /* SplashScreenViewController.xib in Resources */ = {isa = PBXBuildFile; fileRef = 6B8E2B7F233A86990088FF90 /* SplashScreenViewController.xib */; };
		6B971036231835B80088E45C /* UICollectionView+extensions.swift in Sources */ = {isa = PBXBuildFile; fileRef = 6B971035231835B80088E45C /* UICollectionView+extensions.swift */; };
		6BA1514523119F2E00F3B6AA /* HeaderKey.swift in Sources */ = {isa = PBXBuildFile; fileRef = 6BA1512823119F2E00F3B6AA /* HeaderKey.swift */; };
		6BA1514623119F2E00F3B6AA /* ParametersEncoding.swift in Sources */ = {isa = PBXBuildFile; fileRef = 6BA1512923119F2E00F3B6AA /* ParametersEncoding.swift */; };
		6BA1514723119F2E00F3B6AA /* NetworkTask.swift in Sources */ = {isa = PBXBuildFile; fileRef = 6BA1512A23119F2E00F3B6AA /* NetworkTask.swift */; };
		6BA1514823119F2E00F3B6AA /* HTTPMethod.swift in Sources */ = {isa = PBXBuildFile; fileRef = 6BA1512B23119F2E00F3B6AA /* HTTPMethod.swift */; };
		6BA1514923119F2E00F3B6AA /* NetworkError.swift in Sources */ = {isa = PBXBuildFile; fileRef = 6BA1512C23119F2E00F3B6AA /* NetworkError.swift */; };
		6BA1514A23119F2E00F3B6AA /* URLSessionProvider.swift in Sources */ = {isa = PBXBuildFile; fileRef = 6BA1512E23119F2E00F3B6AA /* URLSessionProvider.swift */; };
		6BA1514B23119F2E00F3B6AA /* URLComponentsExtension.swift in Sources */ = {isa = PBXBuildFile; fileRef = 6BA1513023119F2E00F3B6AA /* URLComponentsExtension.swift */; };
		6BA1514C23119F2E00F3B6AA /* DataExtension.swift in Sources */ = {isa = PBXBuildFile; fileRef = 6BA1513123119F2E00F3B6AA /* DataExtension.swift */; };
		6BA1514D23119F2E00F3B6AA /* URLRequestExtension.swift in Sources */ = {isa = PBXBuildFile; fileRef = 6BA1513223119F2E00F3B6AA /* URLRequestExtension.swift */; };
		6BA1515323119F2E00F3B6AA /* ServiceProtocol.swift in Sources */ = {isa = PBXBuildFile; fileRef = 6BA1513A23119F2E00F3B6AA /* ServiceProtocol.swift */; };
		6BA1515423119F2E00F3B6AA /* URLSessionProtocol.swift in Sources */ = {isa = PBXBuildFile; fileRef = 6BA1513B23119F2E00F3B6AA /* URLSessionProtocol.swift */; };
		6BA1515523119F2E00F3B6AA /* ProviderProtocol.swift in Sources */ = {isa = PBXBuildFile; fileRef = 6BA1513C23119F2E00F3B6AA /* ProviderProtocol.swift */; };
		6BA1515E2311B95A00F3B6AA /* PixabayServiceWorker.swift in Sources */ = {isa = PBXBuildFile; fileRef = 6BA1515D2311B95A00F3B6AA /* PixabayServiceWorker.swift */; };
		6BA151602311BA7B00F3B6AA /* PixabayService.swift in Sources */ = {isa = PBXBuildFile; fileRef = 6BA1515F2311BA7B00F3B6AA /* PixabayService.swift */; };
		6BA151622311C17A00F3B6AA /* BaseViewController.swift in Sources */ = {isa = PBXBuildFile; fileRef = 6BA151612311C17A00F3B6AA /* BaseViewController.swift */; };
		6BA151682312613900F3B6AA /* SplashScreenViewController.swift in Sources */ = {isa = PBXBuildFile; fileRef = 6BA151672312613900F3B6AA /* SplashScreenViewController.swift */; };
		6BA1516A23126ADD00F3B6AA /* CollectionScreenViewController.swift in Sources */ = {isa = PBXBuildFile; fileRef = 6BA1516923126ADD00F3B6AA /* CollectionScreenViewController.swift */; };
		6BA1516C23126B0C00F3B6AA /* CollectionScreen.storyboard in Resources */ = {isa = PBXBuildFile; fileRef = 6BA1516B23126B0C00F3B6AA /* CollectionScreen.storyboard */; };
		6BA1516F231271A300F3B6AA /* PixabayApiParameters.swift in Sources */ = {isa = PBXBuildFile; fileRef = 6BA1516E231271A300F3B6AA /* PixabayApiParameters.swift */; };
		6BA15171231280CE00F3B6AA /* SplashScreenController.swift in Sources */ = {isa = PBXBuildFile; fileRef = 6BA15170231280CE00F3B6AA /* SplashScreenController.swift */; };
		6BA1517323128EB200F3B6AA /* PictureCollection.swift in Sources */ = {isa = PBXBuildFile; fileRef = 6BA1517223128EB200F3B6AA /* PictureCollection.swift */; };
		6BB3D507231188D4002167FE /* PixabayImageItem.swift in Sources */ = {isa = PBXBuildFile; fileRef = 6BB3D506231188D4002167FE /* PixabayImageItem.swift */; };
		6BB3D50923118932002167FE /* PixabaySearchResult.swift in Sources */ = {isa = PBXBuildFile; fileRef = 6BB3D50823118932002167FE /* PixabaySearchResult.swift */; };
		6BB43F7523114217006F84CE /* AppDelegate.swift in Sources */ = {isa = PBXBuildFile; fileRef = 6BB43F7423114217006F84CE /* AppDelegate.swift */; };
		6BB43F7C23114218006F84CE /* Assets.xcassets in Resources */ = {isa = PBXBuildFile; fileRef = 6BB43F7B23114218006F84CE /* Assets.xcassets */; };
		6BB43F7F23114218006F84CE /* LaunchScreen.storyboard in Resources */ = {isa = PBXBuildFile; fileRef = 6BB43F7D23114218006F84CE /* LaunchScreen.storyboard */; };
		6BEE606D2315BC96000C61ED /* CollectionCell.swift in Sources */ = {isa = PBXBuildFile; fileRef = 6BEE606B2315BC96000C61ED /* CollectionCell.swift */; };
		6BEE606E2315BC96000C61ED /* CollectionCell.xib in Resources */ = {isa = PBXBuildFile; fileRef = 6BEE606C2315BC96000C61ED /* CollectionCell.xib */; };
		D13380CA72197783054797A9 /* Pods_PixabayDemo.framework in Frameworks */ = {isa = PBXBuildFile; fileRef = 366EDA7D20FD12D0435C766C /* Pods_PixabayDemo.framework */; };
/* End PBXBuildFile section */

/* Begin PBXFileReference section */
		366EDA7D20FD12D0435C766C /* Pods_PixabayDemo.framework */ = {isa = PBXFileReference; explicitFileType = wrapper.framework; includeInIndex = 0; path = Pods_PixabayDemo.framework; sourceTree = BUILT_PRODUCTS_DIR; };
		6B2DF541231BE6D3004D18CF /* girl.json */ = {isa = PBXFileReference; fileEncoding = 4; lastKnownFileType = text.json; path = girl.json; sourceTree = "<group>"; };
		6B2DF542231BE6D3004D18CF /* greece.json */ = {isa = PBXFileReference; fileEncoding = 4; lastKnownFileType = text.json; path = greece.json; sourceTree = "<group>"; };
		6B2DF543231BE6D3004D18CF /* city.json */ = {isa = PBXFileReference; fileEncoding = 4; lastKnownFileType = text.json; path = city.json; sourceTree = "<group>"; };
		6B2DF558231C0F65004D18CF /* ImageDownloadOperation.swift */ = {isa = PBXFileReference; lastKnownFileType = sourcecode.swift; path = ImageDownloadOperation.swift; sourceTree = "<group>"; };
		6B36D1AF231431C200230D74 /* DownloadingProgressView.swift */ = {isa = PBXFileReference; lastKnownFileType = sourcecode.swift; path = DownloadingProgressView.swift; sourceTree = "<group>"; };
		6B36D1B323143D3600230D74 /* ImageCacheService.swift */ = {isa = PBXFileReference; lastKnownFileType = sourcecode.swift; path = ImageCacheService.swift; sourceTree = "<group>"; };
		6B36D1B523144B2900230D74 /* UIViewController+extensions.swift */ = {isa = PBXFileReference; lastKnownFileType = sourcecode.swift; path = "UIViewController+extensions.swift"; sourceTree = "<group>"; };
		6B36D1B723144B4A00230D74 /* UIView+extensions.swift */ = {isa = PBXFileReference; lastKnownFileType = sourcecode.swift; path = "UIView+extensions.swift"; sourceTree = "<group>"; };
		6B36D1BC2314726B00230D74 /* BigCell.swift */ = {isa = PBXFileReference; lastKnownFileType = sourcecode.swift; path = BigCell.swift; sourceTree = "<group>"; };
		6B36D1BD2314726B00230D74 /* BigCell.xib */ = {isa = PBXFileReference; lastKnownFileType = file.xib; path = BigCell.xib; sourceTree = "<group>"; };
		6B8E2B7F233A86990088FF90 /* SplashScreenViewController.xib */ = {isa = PBXFileReference; lastKnownFileType = file.xib; path = SplashScreenViewController.xib; sourceTree = "<group>"; };
		6B971035231835B80088E45C /* UICollectionView+extensions.swift */ = {isa = PBXFileReference; lastKnownFileType = sourcecode.swift; path = "UICollectionView+extensions.swift"; sourceTree = "<group>"; };
		6BA1512823119F2E00F3B6AA /* HeaderKey.swift */ = {isa = PBXFileReference; fileEncoding = 4; lastKnownFileType = sourcecode.swift; path = HeaderKey.swift; sourceTree = "<group>"; };
		6BA1512923119F2E00F3B6AA /* ParametersEncoding.swift */ = {isa = PBXFileReference; fileEncoding = 4; lastKnownFileType = sourcecode.swift; path = ParametersEncoding.swift; sourceTree = "<group>"; };
		6BA1512A23119F2E00F3B6AA /* NetworkTask.swift */ = {isa = PBXFileReference; fileEncoding = 4; lastKnownFileType = sourcecode.swift; path = NetworkTask.swift; sourceTree = "<group>"; };
		6BA1512B23119F2E00F3B6AA /* HTTPMethod.swift */ = {isa = PBXFileReference; fileEncoding = 4; lastKnownFileType = sourcecode.swift; path = HTTPMethod.swift; sourceTree = "<group>"; };
		6BA1512C23119F2E00F3B6AA /* NetworkError.swift */ = {isa = PBXFileReference; fileEncoding = 4; lastKnownFileType = sourcecode.swift; path = NetworkError.swift; sourceTree = "<group>"; };
		6BA1512E23119F2E00F3B6AA /* URLSessionProvider.swift */ = {isa = PBXFileReference; fileEncoding = 4; lastKnownFileType = sourcecode.swift; path = URLSessionProvider.swift; sourceTree = "<group>"; };
		6BA1513023119F2E00F3B6AA /* URLComponentsExtension.swift */ = {isa = PBXFileReference; fileEncoding = 4; lastKnownFileType = sourcecode.swift; path = URLComponentsExtension.swift; sourceTree = "<group>"; };
		6BA1513123119F2E00F3B6AA /* DataExtension.swift */ = {isa = PBXFileReference; fileEncoding = 4; lastKnownFileType = sourcecode.swift; path = DataExtension.swift; sourceTree = "<group>"; };
		6BA1513223119F2E00F3B6AA /* URLRequestExtension.swift */ = {isa = PBXFileReference; fileEncoding = 4; lastKnownFileType = sourcecode.swift; path = URLRequestExtension.swift; sourceTree = "<group>"; };
		6BA1513A23119F2E00F3B6AA /* ServiceProtocol.swift */ = {isa = PBXFileReference; fileEncoding = 4; lastKnownFileType = sourcecode.swift; path = ServiceProtocol.swift; sourceTree = "<group>"; };
		6BA1513B23119F2E00F3B6AA /* URLSessionProtocol.swift */ = {isa = PBXFileReference; fileEncoding = 4; lastKnownFileType = sourcecode.swift; path = URLSessionProtocol.swift; sourceTree = "<group>"; };
		6BA1513C23119F2E00F3B6AA /* ProviderProtocol.swift */ = {isa = PBXFileReference; fileEncoding = 4; lastKnownFileType = sourcecode.swift; path = ProviderProtocol.swift; sourceTree = "<group>"; };
		6BA1515D2311B95A00F3B6AA /* PixabayServiceWorker.swift */ = {isa = PBXFileReference; lastKnownFileType = sourcecode.swift; path = PixabayServiceWorker.swift; sourceTree = "<group>"; };
		6BA1515F2311BA7B00F3B6AA /* PixabayService.swift */ = {isa = PBXFileReference; lastKnownFileType = sourcecode.swift; path = PixabayService.swift; sourceTree = "<group>"; };
		6BA151612311C17A00F3B6AA /* BaseViewController.swift */ = {isa = PBXFileReference; lastKnownFileType = sourcecode.swift; path = BaseViewController.swift; sourceTree = "<group>"; };
		6BA151672312613900F3B6AA /* SplashScreenViewController.swift */ = {isa = PBXFileReference; lastKnownFileType = sourcecode.swift; path = SplashScreenViewController.swift; sourceTree = "<group>"; };
		6BA1516923126ADD00F3B6AA /* CollectionScreenViewController.swift */ = {isa = PBXFileReference; lastKnownFileType = sourcecode.swift; path = CollectionScreenViewController.swift; sourceTree = "<group>"; };
		6BA1516B23126B0C00F3B6AA /* CollectionScreen.storyboard */ = {isa = PBXFileReference; lastKnownFileType = file.storyboard; path = CollectionScreen.storyboard; sourceTree = "<group>"; };
		6BA1516E231271A300F3B6AA /* PixabayApiParameters.swift */ = {isa = PBXFileReference; lastKnownFileType = sourcecode.swift; path = PixabayApiParameters.swift; sourceTree = "<group>"; };
		6BA15170231280CE00F3B6AA /* SplashScreenController.swift */ = {isa = PBXFileReference; lastKnownFileType = sourcecode.swift; path = SplashScreenController.swift; sourceTree = "<group>"; };
		6BA1517223128EB200F3B6AA /* PictureCollection.swift */ = {isa = PBXFileReference; lastKnownFileType = sourcecode.swift; path = PictureCollection.swift; sourceTree = "<group>"; };
		6BB3D506231188D4002167FE /* PixabayImageItem.swift */ = {isa = PBXFileReference; lastKnownFileType = sourcecode.swift; path = PixabayImageItem.swift; sourceTree = "<group>"; };
		6BB3D50823118932002167FE /* PixabaySearchResult.swift */ = {isa = PBXFileReference; lastKnownFileType = sourcecode.swift; path = PixabaySearchResult.swift; sourceTree = "<group>"; };
		6BB43F7123114217006F84CE /* PixabayDemo.app */ = {isa = PBXFileReference; explicitFileType = wrapper.application; includeInIndex = 0; path = PixabayDemo.app; sourceTree = BUILT_PRODUCTS_DIR; };
		6BB43F7423114217006F84CE /* AppDelegate.swift */ = {isa = PBXFileReference; lastKnownFileType = sourcecode.swift; path = AppDelegate.swift; sourceTree = "<group>"; };
		6BB43F7B23114218006F84CE /* Assets.xcassets */ = {isa = PBXFileReference; lastKnownFileType = folder.assetcatalog; path = Assets.xcassets; sourceTree = "<group>"; };
		6BB43F7E23114218006F84CE /* Base */ = {isa = PBXFileReference; lastKnownFileType = file.storyboard; name = Base; path = Base.lproj/LaunchScreen.storyboard; sourceTree = "<group>"; };
		6BB43F8023114218006F84CE /* Info.plist */ = {isa = PBXFileReference; lastKnownFileType = text.plist.xml; path = Info.plist; sourceTree = "<group>"; };
		6BEE606B2315BC96000C61ED /* CollectionCell.swift */ = {isa = PBXFileReference; lastKnownFileType = sourcecode.swift; path = CollectionCell.swift; sourceTree = "<group>"; };
		6BEE606C2315BC96000C61ED /* CollectionCell.xib */ = {isa = PBXFileReference; lastKnownFileType = file.xib; path = CollectionCell.xib; sourceTree = "<group>"; };
		7ED093B7AA4A36DF12CEB719 /* Pods-PixabayDemo.release.xcconfig */ = {isa = PBXFileReference; includeInIndex = 1; lastKnownFileType = text.xcconfig; name = "Pods-PixabayDemo.release.xcconfig"; path = "Target Support Files/Pods-PixabayDemo/Pods-PixabayDemo.release.xcconfig"; sourceTree = "<group>"; };
		85FA07BD49C618EB8247ECDD /* Pods-PixabayDemo.debug.xcconfig */ = {isa = PBXFileReference; includeInIndex = 1; lastKnownFileType = text.xcconfig; name = "Pods-PixabayDemo.debug.xcconfig"; path = "Target Support Files/Pods-PixabayDemo/Pods-PixabayDemo.debug.xcconfig"; sourceTree = "<group>"; };
/* End PBXFileReference section */

/* Begin PBXFrameworksBuildPhase section */
		6BB43F6E23114217006F84CE /* Frameworks */ = {
			isa = PBXFrameworksBuildPhase;
			buildActionMask = 2147483647;
			files = (
				D13380CA72197783054797A9 /* Pods_PixabayDemo.framework in Frameworks */,
			);
			runOnlyForDeploymentPostprocessing = 0;
		};
/* End PBXFrameworksBuildPhase section */

/* Begin PBXGroup section */
		41FB5DEA3315C448D4C94C81 /* Frameworks */ = {
			isa = PBXGroup;
			children = (
				366EDA7D20FD12D0435C766C /* Pods_PixabayDemo.framework */,
			);
			name = Frameworks;
			sourceTree = "<group>";
		};
		6B2DF540231BE5E5004D18CF /* JSONs */ = {
			isa = PBXGroup;
			children = (
				6B2DF542231BE6D3004D18CF /* greece.json */,
				6B2DF543231BE6D3004D18CF /* city.json */,
				6B2DF541231BE6D3004D18CF /* girl.json */,
			);
			path = JSONs;
			sourceTree = "<group>";
		};
		6B2DF557231C0F25004D18CF /* Operations */ = {
			isa = PBXGroup;
			children = (
				6B2DF558231C0F65004D18CF /* ImageDownloadOperation.swift */,
			);
			path = Operations;
			sourceTree = "<group>";
		};
		6B36D1AE2314319C00230D74 /* Views */ = {
			isa = PBXGroup;
			children = (
				6B36D1AF231431C200230D74 /* DownloadingProgressView.swift */,
			);
			path = Views;
			sourceTree = "<group>";
		};
		6B36D1B123143C3D00230D74 /* Services */ = {
			isa = PBXGroup;
			children = (
				6BA1512623119F2E00F3B6AA /* Networking */,
				6B36D1B223143C8B00230D74 /* Image Cache */,
			);
			path = Services;
			sourceTree = "<group>";
		};
		6B36D1B223143C8B00230D74 /* Image Cache */ = {
			isa = PBXGroup;
			children = (
				6B36D1B323143D3600230D74 /* ImageCacheService.swift */,
			);
			path = "Image Cache";
			sourceTree = "<group>";
		};
		6B36D1B923144B7900230D74 /* Extensions */ = {
			isa = PBXGroup;
			children = (
				6B36D1B523144B2900230D74 /* UIViewController+extensions.swift */,
				6B36D1B723144B4A00230D74 /* UIView+extensions.swift */,
				6B971035231835B80088E45C /* UICollectionView+extensions.swift */,
			);
			path = Extensions;
			sourceTree = "<group>";
		};
		6B36D1BB2314716200230D74 /* Cells */ = {
			isa = PBXGroup;
			children = (
				6BEE606B2315BC96000C61ED /* CollectionCell.swift */,
				6BEE606C2315BC96000C61ED /* CollectionCell.xib */,
				6B36D1BC2314726B00230D74 /* BigCell.swift */,
				6B36D1BD2314726B00230D74 /* BigCell.xib */,
			);
			path = Cells;
			sourceTree = "<group>";
		};
		6BA1512323119D8900F3B6AA /* Helpers */ = {
			isa = PBXGroup;
			children = (
				6B2DF557231C0F25004D18CF /* Operations */,
				6B36D1AE2314319C00230D74 /* Views */,
				6B36D1B923144B7900230D74 /* Extensions */,
			);
			path = Helpers;
			sourceTree = "<group>";
		};
		6BA1512423119D9E00F3B6AA /* Modules */ = {
			isa = PBXGroup;
			children = (
				6BA1516323125FD900F3B6AA /* Splash Screen */,
				6BA151642312605600F3B6AA /* Collection Screen */,
				6BA151612311C17A00F3B6AA /* BaseViewController.swift */,
			);
			path = Modules;
			sourceTree = "<group>";
		};
		6BA1512523119DB400F3B6AA /* Other */ = {
			isa = PBXGroup;
			children = (
				6BB43F7D23114218006F84CE /* LaunchScreen.storyboard */,
			);
			path = Other;
			sourceTree = "<group>";
		};
		6BA1512623119F2E00F3B6AA /* Networking */ = {
			isa = PBXGroup;
			children = (
				6BA1512723119F2E00F3B6AA /* Enums */,
				6BA1512D23119F2E00F3B6AA /* Provider */,
				6BA1512F23119F2E00F3B6AA /* Extensions */,
				6BA1513923119F2E00F3B6AA /* Protocols */,
				6BA1513D23119F2E00F3B6AA /* Services */,
				6BA1513323119F2E00F3B6AA /* Workers */,
			);
			path = Networking;
			sourceTree = "<group>";
		};
		6BA1512723119F2E00F3B6AA /* Enums */ = {
			isa = PBXGroup;
			children = (
				6BA1512823119F2E00F3B6AA /* HeaderKey.swift */,
				6BA1512923119F2E00F3B6AA /* ParametersEncoding.swift */,
				6BA1512A23119F2E00F3B6AA /* NetworkTask.swift */,
				6BA1512B23119F2E00F3B6AA /* HTTPMethod.swift */,
				6BA1512C23119F2E00F3B6AA /* NetworkError.swift */,
				6BA1516E231271A300F3B6AA /* PixabayApiParameters.swift */,
			);
			path = Enums;
			sourceTree = "<group>";
		};
		6BA1512D23119F2E00F3B6AA /* Provider */ = {
			isa = PBXGroup;
			children = (
				6BA1512E23119F2E00F3B6AA /* URLSessionProvider.swift */,
			);
			path = Provider;
			sourceTree = "<group>";
		};
		6BA1512F23119F2E00F3B6AA /* Extensions */ = {
			isa = PBXGroup;
			children = (
				6BA1513023119F2E00F3B6AA /* URLComponentsExtension.swift */,
				6BA1513123119F2E00F3B6AA /* DataExtension.swift */,
				6BA1513223119F2E00F3B6AA /* URLRequestExtension.swift */,
			);
			path = Extensions;
			sourceTree = "<group>";
		};
		6BA1513323119F2E00F3B6AA /* Workers */ = {
			isa = PBXGroup;
			children = (
				6BA1515D2311B95A00F3B6AA /* PixabayServiceWorker.swift */,
			);
			path = Workers;
			sourceTree = "<group>";
		};
		6BA1513923119F2E00F3B6AA /* Protocols */ = {
			isa = PBXGroup;
			children = (
				6BA1513A23119F2E00F3B6AA /* ServiceProtocol.swift */,
				6BA1513B23119F2E00F3B6AA /* URLSessionProtocol.swift */,
				6BA1513C23119F2E00F3B6AA /* ProviderProtocol.swift */,
			);
			path = Protocols;
			sourceTree = "<group>";
		};
		6BA1513D23119F2E00F3B6AA /* Services */ = {
			isa = PBXGroup;
			children = (
				6BA1515F2311BA7B00F3B6AA /* PixabayService.swift */,
			);
			path = Services;
			sourceTree = "<group>";
		};
		6BA1516323125FD900F3B6AA /* Splash Screen */ = {
			isa = PBXGroup;
			children = (
				6B8E2B7F233A86990088FF90 /* SplashScreenViewController.xib */,
				6BA151672312613900F3B6AA /* SplashScreenViewController.swift */,
				6BA15170231280CE00F3B6AA /* SplashScreenController.swift */,
			);
			path = "Splash Screen";
			sourceTree = "<group>";
		};
		6BA151642312605600F3B6AA /* Collection Screen */ = {
			isa = PBXGroup;
			children = (
				6B36D1BB2314716200230D74 /* Cells */,
				6BA1516B23126B0C00F3B6AA /* CollectionScreen.storyboard */,
				6BA1516923126ADD00F3B6AA /* CollectionScreenViewController.swift */,
			);
			path = "Collection Screen";
			sourceTree = "<group>";
		};
		6BB3D505231188A5002167FE /* Models */ = {
			isa = PBXGroup;
			children = (
				6BB3D50823118932002167FE /* PixabaySearchResult.swift */,
				6BB3D506231188D4002167FE /* PixabayImageItem.swift */,
				6BA1517223128EB200F3B6AA /* PictureCollection.swift */,
			);
			path = Models;
			sourceTree = "<group>";
		};
		6BB43F6823114217006F84CE = {
			isa = PBXGroup;
			children = (
				6BB43F7323114217006F84CE /* PixabayDemo */,
				6BB43F7223114217006F84CE /* Products */,
				B3E84C6666759AA22D60DCEF /* Pods */,
				41FB5DEA3315C448D4C94C81 /* Frameworks */,
			);
			sourceTree = "<group>";
		};
		6BB43F7223114217006F84CE /* Products */ = {
			isa = PBXGroup;
			children = (
				6BB43F7123114217006F84CE /* PixabayDemo.app */,
			);
			name = Products;
			sourceTree = "<group>";
		};
		6BB43F7323114217006F84CE /* PixabayDemo */ = {
			isa = PBXGroup;
			children = (
				6BB43F8023114218006F84CE /* Info.plist */,
				6BB43F7423114217006F84CE /* AppDelegate.swift */,
				6BA1512423119D9E00F3B6AA /* Modules */,
				6BB3D505231188A5002167FE /* Models */,
				6B36D1B123143C3D00230D74 /* Services */,
				6BA1512323119D8900F3B6AA /* Helpers */,
				6BA1512523119DB400F3B6AA /* Other */,
				6B2DF540231BE5E5004D18CF /* JSONs */,
				6BB43F7B23114218006F84CE /* Assets.xcassets */,
			);
			path = PixabayDemo;
			sourceTree = "<group>";
		};
		B3E84C6666759AA22D60DCEF /* Pods */ = {
			isa = PBXGroup;
			children = (
				85FA07BD49C618EB8247ECDD /* Pods-PixabayDemo.debug.xcconfig */,
				7ED093B7AA4A36DF12CEB719 /* Pods-PixabayDemo.release.xcconfig */,
			);
			path = Pods;
			sourceTree = "<group>";
		};
/* End PBXGroup section */

/* Begin PBXNativeTarget section */
		6BB43F7023114217006F84CE /* PixabayDemo */ = {
			isa = PBXNativeTarget;
			buildConfigurationList = 6BB43F8323114218006F84CE /* Build configuration list for PBXNativeTarget "PixabayDemo" */;
			buildPhases = (
				E3E165651F7EA43C5909B283 /* [CP] Check Pods Manifest.lock */,
				6BB43F6D23114217006F84CE /* Sources */,
				6BB43F6E23114217006F84CE /* Frameworks */,
				6BB43F6F23114217006F84CE /* Resources */,
			);
			buildRules = (
			);
			dependencies = (
			);
			name = PixabayDemo;
			productName = PixabayDemo;
			productReference = 6BB43F7123114217006F84CE /* PixabayDemo.app */;
			productType = "com.apple.product-type.application";
		};
/* End PBXNativeTarget section */

/* Begin PBXProject section */
		6BB43F6923114217006F84CE /* Project object */ = {
			isa = PBXProject;
			attributes = {
				LastSwiftUpdateCheck = 1030;
				LastUpgradeCheck = 1030;
				ORGANIZATIONNAME = "Krzysztof Lech";
				TargetAttributes = {
					6BB43F7023114217006F84CE = {
						CreatedOnToolsVersion = 10.3;
					};
				};
			};
			buildConfigurationList = 6BB43F6C23114217006F84CE /* Build configuration list for PBXProject "PixabayDemo" */;
			compatibilityVersion = "Xcode 9.3";
			developmentRegion = en;
			hasScannedForEncodings = 0;
			knownRegions = (
				en,
				Base,
			);
			mainGroup = 6BB43F6823114217006F84CE;
			productRefGroup = 6BB43F7223114217006F84CE /* Products */;
			projectDirPath = "";
			projectRoot = "";
			targets = (
				6BB43F7023114217006F84CE /* PixabayDemo */,
			);
		};
/* End PBXProject section */

/* Begin PBXResourcesBuildPhase section */
		6BB43F6F23114217006F84CE /* Resources */ = {
			isa = PBXResourcesBuildPhase;
			buildActionMask = 2147483647;
			files = (
				6B2DF546231BE6D4004D18CF /* city.json in Resources */,
				6B36D1BF2314726B00230D74 /* BigCell.xib in Resources */,
				6BB43F7F23114218006F84CE /* LaunchScreen.storyboard in Resources */,
				6B8E2B80233A86990088FF90 /* SplashScreenViewController.xib in Resources */,
				6BEE606E2315BC96000C61ED /* CollectionCell.xib in Resources */,
				6BA1516C23126B0C00F3B6AA /* CollectionScreen.storyboard in Resources */,
				6BB43F7C23114218006F84CE /* Assets.xcassets in Resources */,
				6B2DF545231BE6D4004D18CF /* greece.json in Resources */,
				6B2DF544231BE6D4004D18CF /* girl.json in Resources */,
			);
			runOnlyForDeploymentPostprocessing = 0;
		};
/* End PBXResourcesBuildPhase section */

/* Begin PBXShellScriptBuildPhase section */
		E3E165651F7EA43C5909B283 /* [CP] Check Pods Manifest.lock */ = {
			isa = PBXShellScriptBuildPhase;
			buildActionMask = 2147483647;
			files = (
			);
			inputFileListPaths = (
			);
			inputPaths = (
				"${PODS_PODFILE_DIR_PATH}/Podfile.lock",
				"${PODS_ROOT}/Manifest.lock",
			);
			name = "[CP] Check Pods Manifest.lock";
			outputFileListPaths = (
			);
			outputPaths = (
				"$(DERIVED_FILE_DIR)/Pods-PixabayDemo-checkManifestLockResult.txt",
			);
			runOnlyForDeploymentPostprocessing = 0;
			shellPath = /bin/sh;
			shellScript = "diff \"${PODS_PODFILE_DIR_PATH}/Podfile.lock\" \"${PODS_ROOT}/Manifest.lock\" > /dev/null\nif [ $? != 0 ] ; then\n    # print error to STDERR\n    echo \"error: The sandbox is not in sync with the Podfile.lock. Run 'pod install' or update your CocoaPods installation.\" >&2\n    exit 1\nfi\n# This output is used by Xcode 'outputs' to avoid re-running this script phase.\necho \"SUCCESS\" > \"${SCRIPT_OUTPUT_FILE_0}\"\n";
			showEnvVarsInLog = 0;
		};
/* End PBXShellScriptBuildPhase section */

/* Begin PBXSourcesBuildPhase section */
		6BB43F6D23114217006F84CE /* Sources */ = {
			isa = PBXSourcesBuildPhase;
			buildActionMask = 2147483647;
			files = (
				6BA1515423119F2E00F3B6AA /* URLSessionProtocol.swift in Sources */,
				6BA1514C23119F2E00F3B6AA /* DataExtension.swift in Sources */,
				6BA1515323119F2E00F3B6AA /* ServiceProtocol.swift in Sources */,
				6BA151622311C17A00F3B6AA /* BaseViewController.swift in Sources */,
				6BA1514A23119F2E00F3B6AA /* URLSessionProvider.swift in Sources */,
				6BA1515E2311B95A00F3B6AA /* PixabayServiceWorker.swift in Sources */,
				6B971036231835B80088E45C /* UICollectionView+extensions.swift in Sources */,
				6B36D1B623144B2900230D74 /* UIViewController+extensions.swift in Sources */,
				6BA1517323128EB200F3B6AA /* PictureCollection.swift in Sources */,
				6BB3D507231188D4002167FE /* PixabayImageItem.swift in Sources */,
				6BA1514723119F2E00F3B6AA /* NetworkTask.swift in Sources */,
				6BEE606D2315BC96000C61ED /* CollectionCell.swift in Sources */,
				6BB43F7523114217006F84CE /* AppDelegate.swift in Sources */,
				6BA1514823119F2E00F3B6AA /* HTTPMethod.swift in Sources */,
				6BA1514D23119F2E00F3B6AA /* URLRequestExtension.swift in Sources */,
				6BB3D50923118932002167FE /* PixabaySearchResult.swift in Sources */,
				6B36D1BE2314726B00230D74 /* BigCell.swift in Sources */,
				6BA1514923119F2E00F3B6AA /* NetworkError.swift in Sources */,
				6BA1514623119F2E00F3B6AA /* ParametersEncoding.swift in Sources */,
				6BA1514523119F2E00F3B6AA /* HeaderKey.swift in Sources */,
				6BA1516A23126ADD00F3B6AA /* CollectionScreenViewController.swift in Sources */,
				6BA15171231280CE00F3B6AA /* SplashScreenController.swift in Sources */,
				6B2DF559231C0F65004D18CF /* ImageDownloadOperation.swift in Sources */,
				6BA151602311BA7B00F3B6AA /* PixabayService.swift in Sources */,
				6B36D1B423143D3600230D74 /* ImageCacheService.swift in Sources */,
				6BA1514B23119F2E00F3B6AA /* URLComponentsExtension.swift in Sources */,
				6BA151682312613900F3B6AA /* SplashScreenViewController.swift in Sources */,
				6BA1516F231271A300F3B6AA /* PixabayApiParameters.swift in Sources */,
				6B36D1B823144B4A00230D74 /* UIView+extensions.swift in Sources */,
				6B36D1B0231431C200230D74 /* DownloadingProgressView.swift in Sources */,
				6BA1515523119F2E00F3B6AA /* ProviderProtocol.swift in Sources */,
			);
			runOnlyForDeploymentPostprocessing = 0;
		};
/* End PBXSourcesBuildPhase section */

/* Begin PBXVariantGroup section */
		6BB43F7D23114218006F84CE /* LaunchScreen.storyboard */ = {
			isa = PBXVariantGroup;
			children = (
				6BB43F7E23114218006F84CE /* Base */,
			);
			name = LaunchScreen.storyboard;
			sourceTree = "<group>";
		};
/* End PBXVariantGroup section */

/* Begin XCBuildConfiguration section */
		6BB43F8123114218006F84CE /* Debug */ = {
			isa = XCBuildConfiguration;
			buildSettings = {
				ALWAYS_SEARCH_USER_PATHS = NO;
				CLANG_ANALYZER_NONNULL = YES;
				CLANG_ANALYZER_NUMBER_OBJECT_CONVERSION = YES_AGGRESSIVE;
				CLANG_CXX_LANGUAGE_STANDARD = "gnu++14";
				CLANG_CXX_LIBRARY = "libc++";
				CLANG_ENABLE_MODULES = YES;
				CLANG_ENABLE_OBJC_ARC = YES;
				CLANG_ENABLE_OBJC_WEAK = YES;
				CLANG_WARN_BLOCK_CAPTURE_AUTORELEASING = YES;
				CLANG_WARN_BOOL_CONVERSION = YES;
				CLANG_WARN_COMMA = YES;
				CLANG_WARN_CONSTANT_CONVERSION = YES;
				CLANG_WARN_DEPRECATED_OBJC_IMPLEMENTATIONS = YES;
				CLANG_WARN_DIRECT_OBJC_ISA_USAGE = YES_ERROR;
				CLANG_WARN_DOCUMENTATION_COMMENTS = YES;
				CLANG_WARN_EMPTY_BODY = YES;
				CLANG_WARN_ENUM_CONVERSION = YES;
				CLANG_WARN_INFINITE_RECURSION = YES;
				CLANG_WARN_INT_CONVERSION = YES;
				CLANG_WARN_NON_LITERAL_NULL_CONVERSION = YES;
				CLANG_WARN_OBJC_IMPLICIT_RETAIN_SELF = YES;
				CLANG_WARN_OBJC_LITERAL_CONVERSION = YES;
				CLANG_WARN_OBJC_ROOT_CLASS = YES_ERROR;
				CLANG_WARN_RANGE_LOOP_ANALYSIS = YES;
				CLANG_WARN_STRICT_PROTOTYPES = YES;
				CLANG_WARN_SUSPICIOUS_MOVE = YES;
				CLANG_WARN_UNGUARDED_AVAILABILITY = YES_AGGRESSIVE;
				CLANG_WARN_UNREACHABLE_CODE = YES;
				CLANG_WARN__DUPLICATE_METHOD_MATCH = YES;
				CODE_SIGN_IDENTITY = "iPhone Developer";
				COPY_PHASE_STRIP = NO;
				DEBUG_INFORMATION_FORMAT = dwarf;
				ENABLE_STRICT_OBJC_MSGSEND = YES;
				ENABLE_TESTABILITY = YES;
				GCC_C_LANGUAGE_STANDARD = gnu11;
				GCC_DYNAMIC_NO_PIC = NO;
				GCC_NO_COMMON_BLOCKS = YES;
				GCC_OPTIMIZATION_LEVEL = 0;
				GCC_PREPROCESSOR_DEFINITIONS = (
					"DEBUG=1",
					"$(inherited)",
				);
				GCC_WARN_64_TO_32_BIT_CONVERSION = YES;
				GCC_WARN_ABOUT_RETURN_TYPE = YES_ERROR;
				GCC_WARN_UNDECLARED_SELECTOR = YES;
				GCC_WARN_UNINITIALIZED_AUTOS = YES_AGGRESSIVE;
				GCC_WARN_UNUSED_FUNCTION = YES;
				GCC_WARN_UNUSED_VARIABLE = YES;
				IPHONEOS_DEPLOYMENT_TARGET = 12.4;
				MTL_ENABLE_DEBUG_INFO = INCLUDE_SOURCE;
				MTL_FAST_MATH = YES;
				ONLY_ACTIVE_ARCH = YES;
				SDKROOT = iphoneos;
				SWIFT_ACTIVE_COMPILATION_CONDITIONS = DEBUG;
				SWIFT_OPTIMIZATION_LEVEL = "-Onone";
			};
			name = Debug;
		};
		6BB43F8223114218006F84CE /* Release */ = {
			isa = XCBuildConfiguration;
			buildSettings = {
				ALWAYS_SEARCH_USER_PATHS = NO;
				CLANG_ANALYZER_NONNULL = YES;
				CLANG_ANALYZER_NUMBER_OBJECT_CONVERSION = YES_AGGRESSIVE;
				CLANG_CXX_LANGUAGE_STANDARD = "gnu++14";
				CLANG_CXX_LIBRARY = "libc++";
				CLANG_ENABLE_MODULES = YES;
				CLANG_ENABLE_OBJC_ARC = YES;
				CLANG_ENABLE_OBJC_WEAK = YES;
				CLANG_WARN_BLOCK_CAPTURE_AUTORELEASING = YES;
				CLANG_WARN_BOOL_CONVERSION = YES;
				CLANG_WARN_COMMA = YES;
				CLANG_WARN_CONSTANT_CONVERSION = YES;
				CLANG_WARN_DEPRECATED_OBJC_IMPLEMENTATIONS = YES;
				CLANG_WARN_DIRECT_OBJC_ISA_USAGE = YES_ERROR;
				CLANG_WARN_DOCUMENTATION_COMMENTS = YES;
				CLANG_WARN_EMPTY_BODY = YES;
				CLANG_WARN_ENUM_CONVERSION = YES;
				CLANG_WARN_INFINITE_RECURSION = YES;
				CLANG_WARN_INT_CONVERSION = YES;
				CLANG_WARN_NON_LITERAL_NULL_CONVERSION = YES;
				CLANG_WARN_OBJC_IMPLICIT_RETAIN_SELF = YES;
				CLANG_WARN_OBJC_LITERAL_CONVERSION = YES;
				CLANG_WARN_OBJC_ROOT_CLASS = YES_ERROR;
				CLANG_WARN_RANGE_LOOP_ANALYSIS = YES;
				CLANG_WARN_STRICT_PROTOTYPES = YES;
				CLANG_WARN_SUSPICIOUS_MOVE = YES;
				CLANG_WARN_UNGUARDED_AVAILABILITY = YES_AGGRESSIVE;
				CLANG_WARN_UNREACHABLE_CODE = YES;
				CLANG_WARN__DUPLICATE_METHOD_MATCH = YES;
				CODE_SIGN_IDENTITY = "iPhone Developer";
				COPY_PHASE_STRIP = NO;
				DEBUG_INFORMATION_FORMAT = "dwarf-with-dsym";
				ENABLE_NS_ASSERTIONS = NO;
				ENABLE_STRICT_OBJC_MSGSEND = YES;
				GCC_C_LANGUAGE_STANDARD = gnu11;
				GCC_NO_COMMON_BLOCKS = YES;
				GCC_WARN_64_TO_32_BIT_CONVERSION = YES;
				GCC_WARN_ABOUT_RETURN_TYPE = YES_ERROR;
				GCC_WARN_UNDECLARED_SELECTOR = YES;
				GCC_WARN_UNINITIALIZED_AUTOS = YES_AGGRESSIVE;
				GCC_WARN_UNUSED_FUNCTION = YES;
				GCC_WARN_UNUSED_VARIABLE = YES;
				IPHONEOS_DEPLOYMENT_TARGET = 12.4;
				MTL_ENABLE_DEBUG_INFO = NO;
				MTL_FAST_MATH = YES;
				SDKROOT = iphoneos;
				SWIFT_COMPILATION_MODE = wholemodule;
				SWIFT_OPTIMIZATION_LEVEL = "-O";
				VALIDATE_PRODUCT = YES;
			};
			name = Release;
		};
		6BB43F8423114218006F84CE /* Debug */ = {
			isa = XCBuildConfiguration;
			baseConfigurationReference = 85FA07BD49C618EB8247ECDD /* Pods-PixabayDemo.debug.xcconfig */;
			buildSettings = {
				ASSETCATALOG_COMPILER_APPICON_NAME = AppIcon;
				CODE_SIGN_STYLE = Automatic;
				DEVELOPMENT_TEAM = 2UGBQYC9Y9;
				INFOPLIST_FILE = PixabayDemo/Info.plist;
				LD_RUNPATH_SEARCH_PATHS = (
					"$(inherited)",
					"@executable_path/Frameworks",
				);
				PRODUCT_BUNDLE_IDENTIFIER = kl.24abc.pl.PixabayDemo;
				PRODUCT_NAME = "$(TARGET_NAME)";
				SWIFT_VERSION = 5.0;
				TARGETED_DEVICE_FAMILY = "1,2";
			};
			name = Debug;
		};
		6BB43F8523114218006F84CE /* Release */ = {
			isa = XCBuildConfiguration;
			baseConfigurationReference = 7ED093B7AA4A36DF12CEB719 /* Pods-PixabayDemo.release.xcconfig */;
			buildSettings = {
				ASSETCATALOG_COMPILER_APPICON_NAME = AppIcon;
				CODE_SIGN_STYLE = Automatic;
				DEVELOPMENT_TEAM = 2UGBQYC9Y9;
				INFOPLIST_FILE = PixabayDemo/Info.plist;
				LD_RUNPATH_SEARCH_PATHS = (
					"$(inherited)",
					"@executable_path/Frameworks",
				);
				PRODUCT_BUNDLE_IDENTIFIER = kl.24abc.pl.PixabayDemo;
				PRODUCT_NAME = "$(TARGET_NAME)";
				SWIFT_VERSION = 5.0;
				TARGETED_DEVICE_FAMILY = "1,2";
			};
			name = Release;
		};
/* End XCBuildConfiguration section */

/* Begin XCConfigurationList section */
		6BB43F6C23114217006F84CE /* Build configuration list for PBXProject "PixabayDemo" */ = {
			isa = XCConfigurationList;
			buildConfigurations = (
				6BB43F8123114218006F84CE /* Debug */,
				6BB43F8223114218006F84CE /* Release */,
			);
			defaultConfigurationIsVisible = 0;
			defaultConfigurationName = Release;
		};
		6BB43F8323114218006F84CE /* Build configuration list for PBXNativeTarget "PixabayDemo" */ = {
			isa = XCConfigurationList;
			buildConfigurations = (
				6BB43F8423114218006F84CE /* Debug */,
				6BB43F8523114218006F84CE /* Release */,
			);
			defaultConfigurationIsVisible = 0;
			defaultConfigurationName = Release;
		};
/* End XCConfigurationList section */
	};
	rootObject = 6BB43F6923114217006F84CE /* Project object */;
}
